
Microsoft Visual Studio Solution File, Format Version 12.00
# Visual Studio 15
VisualStudioVersion = 15.0.28010.2050
MinimumVisualStudioVersion = 10.0.40219.1
Project("{FAE04EC0-301F-11D3-BF4B-00C04F79EFBC}") = "NetCoreHealthCheckExample", "NetCoreHealthCheckExample\NetCoreHealthCheckExample.csproj", "{1EB32627-F29E-4868-94FA-85F07B4E3DF7}"
EndProject
Global
	GlobalSection(SolutionConfigurationPlatforms) = preSolution
		Debug|Any CPU = Debug|Any CPU
		Release|Any CPU = Release|Any CPU
	EndGlobalSection
	GlobalSection(ProjectConfigurationPlatforms) = postSolution
		{1EB32627-F29E-4868-94FA-85F07B4E3DF7}.Debug|Any CPU.ActiveCfg = Debug|Any CPU
		{1EB32627-F29E-4868-94FA-85F07B4E3DF7}.Debug|Any CPU.Build.0 = Debug|Any CPU
		{1EB32627-F29E-4868-94FA-85F07B4E3DF7}.Release|Any CPU.ActiveCfg = Release|Any CPU
		{1EB32627-F29E-4868-94FA-85F07B4E3DF7}.Release|Any CPU.Build.0 = Release|Any CPU
	EndGlobalSection
	GlobalSection(SolutionProperties) = preSolution
		HideSolutionNode = FALSE
	EndGlobalSection
	GlobalSection(ExtensibilityGlobals) = postSolution
		SolutionGuid = {60684C85-9354-42A2-B579-C87B38F07566}
	EndGlobalSection
EndGlobal
